// !$*UTF8*$!
{
	archiveVersion = 1;
	classes = {
	};
	objectVersion = 50;
	objects = {

/* Begin PBXBuildFile section */
		A97286FD25B461DA000D6BCB /* SwiftUI_AppetizersApp.swift in Sources */ = {isa = PBXBuildFile; fileRef = A97286FC25B461DA000D6BCB /* SwiftUI_AppetizersApp.swift */; };
		A97286FF25B461DA000D6BCB /* AppetizerTabView.swift in Sources */ = {isa = PBXBuildFile; fileRef = A97286FE25B461DA000D6BCB /* AppetizerTabView.swift */; };
		A972870125B461DA000D6BCB /* Assets.xcassets in Resources */ = {isa = PBXBuildFile; fileRef = A972870025B461DA000D6BCB /* Assets.xcassets */; };
		A972870425B461DA000D6BCB /* Preview Assets.xcassets in Resources */ = {isa = PBXBuildFile; fileRef = A972870325B461DA000D6BCB /* Preview Assets.xcassets */; };
		A972871025B4645E000D6BCB /* AppetizerListView.swift in Sources */ = {isa = PBXBuildFile; fileRef = A972870F25B4645E000D6BCB /* AppetizerListView.swift */; };
		A972871325B46482000D6BCB /* AccountView.swift in Sources */ = {isa = PBXBuildFile; fileRef = A972871225B46482000D6BCB /* AccountView.swift */; };
		A972871625B464A7000D6BCB /* OrderView.swift in Sources */ = {isa = PBXBuildFile; fileRef = A972871525B464A7000D6BCB /* OrderView.swift */; };
		A972871A25B468CF000D6BCB /* Appetizer.swift in Sources */ = {isa = PBXBuildFile; fileRef = A972871925B468CF000D6BCB /* Appetizer.swift */; };
		A972871E25B47FA3000D6BCB /* AppetizerListCell.swift in Sources */ = {isa = PBXBuildFile; fileRef = A972871D25B47FA3000D6BCB /* AppetizerListCell.swift */; };
		A972872325B48302000D6BCB /* NetworkManager.swift in Sources */ = {isa = PBXBuildFile; fileRef = A972872225B48302000D6BCB /* NetworkManager.swift */; };
		A972872625B48431000D6BCB /* APError.swift in Sources */ = {isa = PBXBuildFile; fileRef = A972872525B48431000D6BCB /* APError.swift */; };
		A972873325B491DC000D6BCB /* AppetizerListViewModel.swift in Sources */ = {isa = PBXBuildFile; fileRef = A972873225B491DC000D6BCB /* AppetizerListViewModel.swift */; };
		A972873625B49B8D000D6BCB /* Alert.swift in Sources */ = {isa = PBXBuildFile; fileRef = A972873525B49B8D000D6BCB /* Alert.swift */; };
		A972873A25B4A484000D6BCB /* LoadingView.swift in Sources */ = {isa = PBXBuildFile; fileRef = A972873925B4A484000D6BCB /* LoadingView.swift */; };
		A972873E25B4A5A1000D6BCB /* Color+Ext.swift in Sources */ = {isa = PBXBuildFile; fileRef = A972873D25B4A5A1000D6BCB /* Color+Ext.swift */; };
		A972874225B4B329000D6BCB /* RemoteImage.swift in Sources */ = {isa = PBXBuildFile; fileRef = A972874125B4B329000D6BCB /* RemoteImage.swift */; };
/* End PBXBuildFile section */

/* Begin PBXFileReference section */
		A97286F925B461DA000D6BCB /* SwiftUI-Appetizers.app */ = {isa = PBXFileReference; explicitFileType = wrapper.application; includeInIndex = 0; path = "SwiftUI-Appetizers.app"; sourceTree = BUILT_PRODUCTS_DIR; };
		A97286FC25B461DA000D6BCB /* SwiftUI_AppetizersApp.swift */ = {isa = PBXFileReference; lastKnownFileType = sourcecode.swift; path = SwiftUI_AppetizersApp.swift; sourceTree = "<group>"; };
		A97286FE25B461DA000D6BCB /* AppetizerTabView.swift */ = {isa = PBXFileReference; lastKnownFileType = sourcecode.swift; path = AppetizerTabView.swift; sourceTree = "<group>"; };
		A972870025B461DA000D6BCB /* Assets.xcassets */ = {isa = PBXFileReference; lastKnownFileType = folder.assetcatalog; path = Assets.xcassets; sourceTree = "<group>"; };
		A972870325B461DA000D6BCB /* Preview Assets.xcassets */ = {isa = PBXFileReference; lastKnownFileType = folder.assetcatalog; path = "Preview Assets.xcassets"; sourceTree = "<group>"; };
		A972870525B461DA000D6BCB /* Info.plist */ = {isa = PBXFileReference; lastKnownFileType = text.plist.xml; path = Info.plist; sourceTree = "<group>"; };
		A972870F25B4645E000D6BCB /* AppetizerListView.swift */ = {isa = PBXFileReference; lastKnownFileType = sourcecode.swift; path = AppetizerListView.swift; sourceTree = "<group>"; };
		A972871225B46482000D6BCB /* AccountView.swift */ = {isa = PBXFileReference; lastKnownFileType = sourcecode.swift; path = AccountView.swift; sourceTree = "<group>"; };
		A972871525B464A7000D6BCB /* OrderView.swift */ = {isa = PBXFileReference; lastKnownFileType = sourcecode.swift; path = OrderView.swift; sourceTree = "<group>"; };
		A972871925B468CF000D6BCB /* Appetizer.swift */ = {isa = PBXFileReference; lastKnownFileType = sourcecode.swift; path = Appetizer.swift; sourceTree = "<group>"; };
		A972871D25B47FA3000D6BCB /* AppetizerListCell.swift */ = {isa = PBXFileReference; lastKnownFileType = sourcecode.swift; path = AppetizerListCell.swift; sourceTree = "<group>"; };
		A972872225B48302000D6BCB /* NetworkManager.swift */ = {isa = PBXFileReference; lastKnownFileType = sourcecode.swift; path = NetworkManager.swift; sourceTree = "<group>"; };
		A972872525B48431000D6BCB /* APError.swift */ = {isa = PBXFileReference; lastKnownFileType = sourcecode.swift; path = APError.swift; sourceTree = "<group>"; };
		A972873225B491DC000D6BCB /* AppetizerListViewModel.swift */ = {isa = PBXFileReference; lastKnownFileType = sourcecode.swift; path = AppetizerListViewModel.swift; sourceTree = "<group>"; };
		A972873525B49B8D000D6BCB /* Alert.swift */ = {isa = PBXFileReference; lastKnownFileType = sourcecode.swift; path = Alert.swift; sourceTree = "<group>"; };
		A972873925B4A484000D6BCB /* LoadingView.swift */ = {isa = PBXFileReference; lastKnownFileType = sourcecode.swift; path = LoadingView.swift; sourceTree = "<group>"; };
		A972873D25B4A5A1000D6BCB /* Color+Ext.swift */ = {isa = PBXFileReference; lastKnownFileType = sourcecode.swift; path = "Color+Ext.swift"; sourceTree = "<group>"; };
		A972874125B4B329000D6BCB /* RemoteImage.swift */ = {isa = PBXFileReference; lastKnownFileType = sourcecode.swift; path = RemoteImage.swift; sourceTree = "<group>"; };
/* End PBXFileReference section */

/* Begin PBXFrameworksBuildPhase section */
		A97286F625B461DA000D6BCB /* Frameworks */ = {
			isa = PBXFrameworksBuildPhase;
			buildActionMask = 2147483647;
			files = (
			);
			runOnlyForDeploymentPostprocessing = 0;
		};
/* End PBXFrameworksBuildPhase section */

/* Begin PBXGroup section */
		A97286F025B461DA000D6BCB = {
			isa = PBXGroup;
			children = (
				A97286FB25B461DA000D6BCB /* SwiftUI-Appetizers */,
				A97286FA25B461DA000D6BCB /* Products */,
			);
			sourceTree = "<group>";
		};
		A97286FA25B461DA000D6BCB /* Products */ = {
			isa = PBXGroup;
			children = (
				A97286F925B461DA000D6BCB /* SwiftUI-Appetizers.app */,
			);
			name = Products;
			sourceTree = "<group>";
		};
		A97286FB25B461DA000D6BCB /* SwiftUI-Appetizers */ = {
			isa = PBXGroup;
			children = (
				A97286FC25B461DA000D6BCB /* SwiftUI_AppetizersApp.swift */,
				A972874125B4B329000D6BCB /* RemoteImage.swift */,
				A972870D25B46442000D6BCB /* Screens */,
				A972872A25B4917A000D6BCB /* Views */,
				A972871825B468BA000D6BCB /* Model */,
				A972872125B482F1000D6BCB /* Services */,
				A972873C25B4A590000D6BCB /* Extensions */,
				A972872B25B49190000D6BCB /* Utilities */,
				A972870025B461DA000D6BCB /* Assets.xcassets */,
				A972870525B461DA000D6BCB /* Info.plist */,
				A972870225B461DA000D6BCB /* Preview Content */,
			);
			path = "SwiftUI-Appetizers";
			sourceTree = "<group>";
		};
		A972870225B461DA000D6BCB /* Preview Content */ = {
			isa = PBXGroup;
			children = (
				A972870325B461DA000D6BCB /* Preview Assets.xcassets */,
			);
			path = "Preview Content";
			sourceTree = "<group>";
		};
		A972870D25B46442000D6BCB /* Screens */ = {
			isa = PBXGroup;
			children = (
				A97286FE25B461DA000D6BCB /* AppetizerTabView.swift */,
				A972872825B49161000D6BCB /* AppetizerListView */,
				A972871225B46482000D6BCB /* AccountView.swift */,
				A972871525B464A7000D6BCB /* OrderView.swift */,
			);
			path = Screens;
			sourceTree = "<group>";
		};
		A972871825B468BA000D6BCB /* Model */ = {
			isa = PBXGroup;
			children = (
				A972871925B468CF000D6BCB /* Appetizer.swift */,
			);
			path = Model;
			sourceTree = "<group>";
		};
		A972872125B482F1000D6BCB /* Services */ = {
			isa = PBXGroup;
			children = (
				A972872225B48302000D6BCB /* NetworkManager.swift */,
			);
			path = Services;
			sourceTree = "<group>";
		};
		A972872825B49161000D6BCB /* AppetizerListView */ = {
			isa = PBXGroup;
			children = (
				A972870F25B4645E000D6BCB /* AppetizerListView.swift */,
				A972873225B491DC000D6BCB /* AppetizerListViewModel.swift */,
			);
			path = AppetizerListView;
			sourceTree = "<group>";
		};
		A972872925B4916F000D6BCB /* Cells */ = {
			isa = PBXGroup;
			children = (
				A972871D25B47FA3000D6BCB /* AppetizerListCell.swift */,
			);
			path = Cells;
			sourceTree = "<group>";
		};
		A972872A25B4917A000D6BCB /* Views */ = {
			isa = PBXGroup;
			children = (
				A972873825B4A474000D6BCB /* UIKit Components */,
				A972872925B4916F000D6BCB /* Cells */,
			);
			path = Views;
			sourceTree = "<group>";
		};
		A972872B25B49190000D6BCB /* Utilities */ = {
			isa = PBXGroup;
			children = (
				A972872525B48431000D6BCB /* APError.swift */,
				A972873525B49B8D000D6BCB /* Alert.swift */,
			);
			path = Utilities;
			sourceTree = "<group>";
		};
		A972873825B4A474000D6BCB /* UIKit Components */ = {
			isa = PBXGroup;
			children = (
				A972873925B4A484000D6BCB /* LoadingView.swift */,
			);
			path = "UIKit Components";
			sourceTree = "<group>";
		};
		A972873C25B4A590000D6BCB /* Extensions */ = {
			isa = PBXGroup;
			children = (
				A972873D25B4A5A1000D6BCB /* Color+Ext.swift */,
			);
			path = Extensions;
			sourceTree = "<group>";
		};
/* End PBXGroup section */

/* Begin PBXNativeTarget section */
		A97286F825B461DA000D6BCB /* SwiftUI-Appetizers */ = {
			isa = PBXNativeTarget;
			buildConfigurationList = A972870825B461DA000D6BCB /* Build configuration list for PBXNativeTarget "SwiftUI-Appetizers" */;
			buildPhases = (
				A97286F525B461DA000D6BCB /* Sources */,
				A97286F625B461DA000D6BCB /* Frameworks */,
				A97286F725B461DA000D6BCB /* Resources */,
			);
			buildRules = (
			);
			dependencies = (
			);
			name = "SwiftUI-Appetizers";
			productName = "SwiftUI-Appetizers";
			productReference = A97286F925B461DA000D6BCB /* SwiftUI-Appetizers.app */;
			productType = "com.apple.product-type.application";
		};
/* End PBXNativeTarget section */

/* Begin PBXProject section */
		A97286F125B461DA000D6BCB /* Project object */ = {
			isa = PBXProject;
			attributes = {
				LastSwiftUpdateCheck = 1230;
				LastUpgradeCheck = 1230;
				TargetAttributes = {
					A97286F825B461DA000D6BCB = {
						CreatedOnToolsVersion = 12.3;
					};
				};
			};
			buildConfigurationList = A97286F425B461DA000D6BCB /* Build configuration list for PBXProject "SwiftUI-Appetizers" */;
			compatibilityVersion = "Xcode 9.3";
			developmentRegion = en;
			hasScannedForEncodings = 0;
			knownRegions = (
				en,
				Base,
			);
			mainGroup = A97286F025B461DA000D6BCB;
			productRefGroup = A97286FA25B461DA000D6BCB /* Products */;
			projectDirPath = "";
			projectRoot = "";
			targets = (
				A97286F825B461DA000D6BCB /* SwiftUI-Appetizers */,
			);
		};
/* End PBXProject section */

/* Begin PBXResourcesBuildPhase section */
		A97286F725B461DA000D6BCB /* Resources */ = {
			isa = PBXResourcesBuildPhase;
			buildActionMask = 2147483647;
			files = (
				A972870425B461DA000D6BCB /* Preview Assets.xcassets in Resources */,
				A972870125B461DA000D6BCB /* Assets.xcassets in Resources */,
			);
			runOnlyForDeploymentPostprocessing = 0;
		};
/* End PBXResourcesBuildPhase section */

/* Begin PBXSourcesBuildPhase section */
		A97286F525B461DA000D6BCB /* Sources */ = {
			isa = PBXSourcesBuildPhase;
			buildActionMask = 2147483647;
			files = (
				A972871A25B468CF000D6BCB /* Appetizer.swift in Sources */,
				A972872625B48431000D6BCB /* APError.swift in Sources */,
				A972871E25B47FA3000D6BCB /* AppetizerListCell.swift in Sources */,
				A972873325B491DC000D6BCB /* AppetizerListViewModel.swift in Sources */,
				A972873E25B4A5A1000D6BCB /* Color+Ext.swift in Sources */,
				A972871325B46482000D6BCB /* AccountView.swift in Sources */,
				A972873A25B4A484000D6BCB /* LoadingView.swift in Sources */,
				A97286FF25B461DA000D6BCB /* AppetizerTabView.swift in Sources */,
				A972872325B48302000D6BCB /* NetworkManager.swift in Sources */,
				A972874225B4B329000D6BCB /* RemoteImage.swift in Sources */,
				A97286FD25B461DA000D6BCB /* SwiftUI_AppetizersApp.swift in Sources */,
				A972873625B49B8D000D6BCB /* Alert.swift in Sources */,
				A972871025B4645E000D6BCB /* AppetizerListView.swift in Sources */,
				A972871625B464A7000D6BCB /* OrderView.swift in Sources */,
			);
			runOnlyForDeploymentPostprocessing = 0;
		};
/* End PBXSourcesBuildPhase section */

/* Begin XCBuildConfiguration section */
		A972870625B461DA000D6BCB /* Debug */ = {
			isa = XCBuildConfiguration;
			buildSettings = {
				ALWAYS_SEARCH_USER_PATHS = NO;
				CLANG_ANALYZER_NONNULL = YES;
				CLANG_ANALYZER_NUMBER_OBJECT_CONVERSION = YES_AGGRESSIVE;
				CLANG_CXX_LANGUAGE_STANDARD = "gnu++14";
				CLANG_CXX_LIBRARY = "libc++";
				CLANG_ENABLE_MODULES = YES;
				CLANG_ENABLE_OBJC_ARC = YES;
				CLANG_ENABLE_OBJC_WEAK = YES;
				CLANG_WARN_BLOCK_CAPTURE_AUTORELEASING = YES;
				CLANG_WARN_BOOL_CONVERSION = YES;
				CLANG_WARN_COMMA = YES;
				CLANG_WARN_CONSTANT_CONVERSION = YES;
				CLANG_WARN_DEPRECATED_OBJC_IMPLEMENTATIONS = YES;
				CLANG_WARN_DIRECT_OBJC_ISA_USAGE = YES_ERROR;
				CLANG_WARN_DOCUMENTATION_COMMENTS = YES;
				CLANG_WARN_EMPTY_BODY = YES;
				CLANG_WARN_ENUM_CONVERSION = YES;
				CLANG_WARN_INFINITE_RECURSION = YES;
				CLANG_WARN_INT_CONVERSION = YES;
				CLANG_WARN_NON_LITERAL_NULL_CONVERSION = YES;
				CLANG_WARN_OBJC_IMPLICIT_RETAIN_SELF = YES;
				CLANG_WARN_OBJC_LITERAL_CONVERSION = YES;
				CLANG_WARN_OBJC_ROOT_CLASS = YES_ERROR;
				CLANG_WARN_QUOTED_INCLUDE_IN_FRAMEWORK_HEADER = YES;
				CLANG_WARN_RANGE_LOOP_ANALYSIS = YES;
				CLANG_WARN_STRICT_PROTOTYPES = YES;
				CLANG_WARN_SUSPICIOUS_MOVE = YES;
				CLANG_WARN_UNGUARDED_AVAILABILITY = YES_AGGRESSIVE;
				CLANG_WARN_UNREACHABLE_CODE = YES;
				CLANG_WARN__DUPLICATE_METHOD_MATCH = YES;
				COPY_PHASE_STRIP = NO;
				DEBUG_INFORMATION_FORMAT = dwarf;
				ENABLE_STRICT_OBJC_MSGSEND = YES;
				ENABLE_TESTABILITY = YES;
				GCC_C_LANGUAGE_STANDARD = gnu11;
				GCC_DYNAMIC_NO_PIC = NO;
				GCC_NO_COMMON_BLOCKS = YES;
				GCC_OPTIMIZATION_LEVEL = 0;
				GCC_PREPROCESSOR_DEFINITIONS = (
					"DEBUG=1",
					"$(inherited)",
				);
				GCC_WARN_64_TO_32_BIT_CONVERSION = YES;
				GCC_WARN_ABOUT_RETURN_TYPE = YES_ERROR;
				GCC_WARN_UNDECLARED_SELECTOR = YES;
				GCC_WARN_UNINITIALIZED_AUTOS = YES_AGGRESSIVE;
				GCC_WARN_UNUSED_FUNCTION = YES;
				GCC_WARN_UNUSED_VARIABLE = YES;
				IPHONEOS_DEPLOYMENT_TARGET = 14.3;
				MTL_ENABLE_DEBUG_INFO = INCLUDE_SOURCE;
				MTL_FAST_MATH = YES;
				ONLY_ACTIVE_ARCH = YES;
				SDKROOT = iphoneos;
				SWIFT_ACTIVE_COMPILATION_CONDITIONS = DEBUG;
				SWIFT_OPTIMIZATION_LEVEL = "-Onone";
			};
			name = Debug;
		};
		A972870725B461DA000D6BCB /* Release */ = {
			isa = XCBuildConfiguration;
			buildSettings = {
				ALWAYS_SEARCH_USER_PATHS = NO;
				CLANG_ANALYZER_NONNULL = YES;
				CLANG_ANALYZER_NUMBER_OBJECT_CONVERSION = YES_AGGRESSIVE;
				CLANG_CXX_LANGUAGE_STANDARD = "gnu++14";
				CLANG_CXX_LIBRARY = "libc++";
				CLANG_ENABLE_MODULES = YES;
				CLANG_ENABLE_OBJC_ARC = YES;
				CLANG_ENABLE_OBJC_WEAK = YES;
				CLANG_WARN_BLOCK_CAPTURE_AUTORELEASING = YES;
				CLANG_WARN_BOOL_CONVERSION = YES;
				CLANG_WARN_COMMA = YES;
				CLANG_WARN_CONSTANT_CONVERSION = YES;
				CLANG_WARN_DEPRECATED_OBJC_IMPLEMENTATIONS = YES;
				CLANG_WARN_DIRECT_OBJC_ISA_USAGE = YES_ERROR;
				CLANG_WARN_DOCUMENTATION_COMMENTS = YES;
				CLANG_WARN_EMPTY_BODY = YES;
				CLANG_WARN_ENUM_CONVERSION = YES;
				CLANG_WARN_INFINITE_RECURSION = YES;
				CLANG_WARN_INT_CONVERSION = YES;
				CLANG_WARN_NON_LITERAL_NULL_CONVERSION = YES;
				CLANG_WARN_OBJC_IMPLICIT_RETAIN_SELF = YES;
				CLANG_WARN_OBJC_LITERAL_CONVERSION = YES;
				CLANG_WARN_OBJC_ROOT_CLASS = YES_ERROR;
				CLANG_WARN_QUOTED_INCLUDE_IN_FRAMEWORK_HEADER = YES;
				CLANG_WARN_RANGE_LOOP_ANALYSIS = YES;
				CLANG_WARN_STRICT_PROTOTYPES = YES;
				CLANG_WARN_SUSPICIOUS_MOVE = YES;
				CLANG_WARN_UNGUARDED_AVAILABILITY = YES_AGGRESSIVE;
				CLANG_WARN_UNREACHABLE_CODE = YES;
				CLANG_WARN__DUPLICATE_METHOD_MATCH = YES;
				COPY_PHASE_STRIP = NO;
				DEBUG_INFORMATION_FORMAT = "dwarf-with-dsym";
				ENABLE_NS_ASSERTIONS = NO;
				ENABLE_STRICT_OBJC_MSGSEND = YES;
				GCC_C_LANGUAGE_STANDARD = gnu11;
				GCC_NO_COMMON_BLOCKS = YES;
				GCC_WARN_64_TO_32_BIT_CONVERSION = YES;
				GCC_WARN_ABOUT_RETURN_TYPE = YES_ERROR;
				GCC_WARN_UNDECLARED_SELECTOR = YES;
				GCC_WARN_UNINITIALIZED_AUTOS = YES_AGGRESSIVE;
				GCC_WARN_UNUSED_FUNCTION = YES;
				GCC_WARN_UNUSED_VARIABLE = YES;
				IPHONEOS_DEPLOYMENT_TARGET = 14.3;
				MTL_ENABLE_DEBUG_INFO = NO;
				MTL_FAST_MATH = YES;
				SDKROOT = iphoneos;
				SWIFT_COMPILATION_MODE = wholemodule;
				SWIFT_OPTIMIZATION_LEVEL = "-O";
				VALIDATE_PRODUCT = YES;
			};
			name = Release;
		};
		A972870925B461DA000D6BCB /* Debug */ = {
			isa = XCBuildConfiguration;
			buildSettings = {
				ASSETCATALOG_COMPILER_APPICON_NAME = AppIcon;
				ASSETCATALOG_COMPILER_GLOBAL_ACCENT_COLOR_NAME = AccentColor;
				CODE_SIGN_STYLE = Automatic;
				DEVELOPMENT_ASSET_PATHS = "\"SwiftUI-Appetizers/Preview Content\"";
				DEVELOPMENT_TEAM = 59M6A9TM7B;
				ENABLE_PREVIEWS = YES;
				INFOPLIST_FILE = "SwiftUI-Appetizers/Info.plist";
				IPHONEOS_DEPLOYMENT_TARGET = 14.0;
				LD_RUNPATH_SEARCH_PATHS = (
					"$(inherited)",
					"@executable_path/Frameworks",
				);
				PRODUCT_BUNDLE_IDENTIFIER = "ru.ermolenko.SwiftUI-Appetizers";
				PRODUCT_NAME = "$(TARGET_NAME)";
				SWIFT_VERSION = 5.0;
				TARGETED_DEVICE_FAMILY = "1,2";
			};
			name = Debug;
		};
		A972870A25B461DA000D6BCB /* Release */ = {
			isa = XCBuildConfiguration;
			buildSettings = {
				ASSETCATALOG_COMPILER_APPICON_NAME = AppIcon;
				ASSETCATALOG_COMPILER_GLOBAL_ACCENT_COLOR_NAME = AccentColor;
				CODE_SIGN_STYLE = Automatic;
				DEVELOPMENT_ASSET_PATHS = "\"SwiftUI-Appetizers/Preview Content\"";
				DEVELOPMENT_TEAM = 59M6A9TM7B;
				ENABLE_PREVIEWS = YES;
				INFOPLIST_FILE = "SwiftUI-Appetizers/Info.plist";
				IPHONEOS_DEPLOYMENT_TARGET = 14.0;
				LD_RUNPATH_SEARCH_PATHS = (
					"$(inherited)",
					"@executable_path/Frameworks",
				);
				PRODUCT_BUNDLE_IDENTIFIER = "ru.ermolenko.SwiftUI-Appetizers";
				PRODUCT_NAME = "$(TARGET_NAME)";
				SWIFT_VERSION = 5.0;
				TARGETED_DEVICE_FAMILY = "1,2";
			};
			name = Release;
		};
/* End XCBuildConfiguration section */

/* Begin XCConfigurationList section */
		A97286F425B461DA000D6BCB /* Build configuration list for PBXProject "SwiftUI-Appetizers" */ = {
			isa = XCConfigurationList;
			buildConfigurations = (
				A972870625B461DA000D6BCB /* Debug */,
				A972870725B461DA000D6BCB /* Release */,
			);
			defaultConfigurationIsVisible = 0;
			defaultConfigurationName = Release;
		};
		A972870825B461DA000D6BCB /* Build configuration list for PBXNativeTarget "SwiftUI-Appetizers" */ = {
			isa = XCConfigurationList;
			buildConfigurations = (
				A972870925B461DA000D6BCB /* Debug */,
				A972870A25B461DA000D6BCB /* Release */,
			);
			defaultConfigurationIsVisible = 0;
			defaultConfigurationName = Release;
		};
/* End XCConfigurationList section */
	};
	rootObject = A97286F125B461DA000D6BCB /* Project object */;
}
